{
  "nodes": {
    "flake-compat": {
      "flake": false,
      "locked": {
        "lastModified": 1767039857,
        "narHash": "sha256-vNpUSpF5Nuw8xvDLj2KCwwksIbjua2LZCqhV1LNRDns=",
        "owner": "edolstra",
        "repo": "flake-compat",
        "rev": "5edf11c44bc78a0d334f6334cdaf7d60d732daab",
        "type": "github"
      },
      "original": {
        "owner": "edolstra",
        "repo": "flake-compat",
        "type": "github"
      }
    },
    "flake-compat_2": {
      "flake": false,
      "locked": {
        "lastModified": 1641205782,
        "narHash": "sha256-4jY7RCWUoZ9cKD8co0/4tFARpWB+57+r1bLLvXNJliY=",
        "owner": "edolstra",
        "repo": "flake-compat",
        "rev": "b7547d3eed6f32d06102ead8991ec52ab0a4f1a7",
        "type": "github"
      },
      "original": {
        "owner": "edolstra",
        "repo": "flake-compat",
        "type": "github"
      }
    },
    "flake-compat_3": {
      "flake": false,
      "locked": {
        "lastModified": 1641205782,
        "narHash": "sha256-4jY7RCWUoZ9cKD8co0/4tFARpWB+57+r1bLLvXNJliY=",
        "owner": "edolstra",
        "repo": "flake-compat",
        "rev": "b7547d3eed6f32d06102ead8991ec52ab0a4f1a7",
        "type": "github"
      },
      "original": {
        "owner": "edolstra",
        "repo": "flake-compat",
        "type": "github"
      }
    },
    "flake-compat_4": {
      "flake": false,
      "locked": {
        "lastModified": 1767039857,
        "narHash": "sha256-vNpUSpF5Nuw8xvDLj2KCwwksIbjua2LZCqhV1LNRDns=",
        "owner": "NixOS",
        "repo": "flake-compat",
        "rev": "5edf11c44bc78a0d334f6334cdaf7d60d732daab",
        "type": "github"
      },
      "original": {
        "owner": "NixOS",
        "repo": "flake-compat",
        "type": "github"
      }
    },
    "flake-utils": {
      "locked": {
        "lastModified": 1631561581,
        "narHash": "sha256-3VQMV5zvxaVLvqqUrNz3iJelLw30mIVSfZmAaauM3dA=",
        "owner": "numtide",
        "repo": "flake-utils",
        "rev": "7e5bf3925f6fbdfaf50a2a7ca0be2879c4261d19",
        "type": "github"
      },
      "original": {
        "owner": "numtide",
        "repo": "flake-utils",
        "type": "github"
      }
    },
    "flake-utils_2": {
      "inputs": {
        "systems": "systems_2"
      },
      "locked": {
        "lastModified": 1731533236,
        "narHash": "sha256-l0KFg5HjrsfsO/JpG+r7fRrqm12kzFHyUHqHCVpMMbI=",
        "owner": "numtide",
        "repo": "flake-utils",
        "rev": "11707dc2f618dd54ca8739b309ec4fc024de578b",
        "type": "github"
      },
      "original": {
        "owner": "numtide",
        "repo": "flake-utils",
        "type": "github"
      }
    },
    "flake-utils_3": {
      "locked": {
        "lastModified": 1644229661,
        "narHash": "sha256-1YdnJAsNy69bpcjuoKdOYQX0YxZBiCYZo4Twxerqv7k=",
        "owner": "numtide",
        "repo": "flake-utils",
        "rev": "3cecb5b042f7f209c56ffd8371b2711a290ec797",
        "type": "github"
      },
      "original": {
        "owner": "numtide",
        "repo": "flake-utils",
        "type": "github"
      }
    },
    "flake-utils_4": {
      "locked": {
        "lastModified": 1644229661,
        "narHash": "sha256-1YdnJAsNy69bpcjuoKdOYQX0YxZBiCYZo4Twxerqv7k=",
        "owner": "numtide",
        "repo": "flake-utils",
        "rev": "3cecb5b042f7f209c56ffd8371b2711a290ec797",
        "type": "github"
      },
      "original": {
        "owner": "numtide",
        "repo": "flake-utils",
        "type": "github"
      }
    },
    "ghostty": {
      "inputs": {
        "flake-compat": "flake-compat",
        "home-manager": "home-manager",
        "nixpkgs": "nixpkgs",
        "systems": "systems",
        "zig": "zig",
        "zon2nix": "zon2nix"
      },
      "locked": {
        "lastModified": 1788019183,
        "narHash": "sha256-WYLVuVgxCq2OH7+2DuBpBW8KBSYJjwbZn9sZrXALlQY=",
        "owner": "ghostty-org",
        "repo": "ghostty",
        "rev": "7b47213f94058c3715205ce8fa73f7ae581a652c",
        "type": "github"
      },
      "original": {
        "owner": "ghostty-org",
        "repo": "ghostty",
        "type": "github"
      }
    },
    "home-manager": {
      "inputs": {
        "nixpkgs": [
          "ghostty",
          "nixpkgs"
        ]
      },
      "locked": {
        "lastModified": 1787661347,
        "narHash": "sha256-THmnBAdAIV+jT348f3r/vyoeb6ilhcVLwVXkBU7Pai8=",
        "owner": "nix-community",
        "repo": "home-manager",
        "rev": "52c3a5881c821ad7367bbde075e52b76cdb378ab",
        "type": "github"
      },
      "original": {
        "owner": "nix-community",
        "repo": "home-manager",
        "type": "github"
      }
    },
    "home-manager_2": {
      "inputs": {
        "nixpkgs": [
          "nixpkgs"
        ]
      },
      "locked": {
        "lastModified": 1787377438,
        "narHash": "sha256-Sxu1NLTD/Ern6hFGLlZmtKCSct3YQXZI/lls8RE1XeM=",
        "owner": "nix-community",
        "repo": "home-manager",
        "rev": "65258d5c65a250189fde2e35f490d15e064c4c62",
        "type": "github"
      },
      "original": {
        "owner": "nix-community",
        "ref": "release-26.05",
        "repo": "home-manager",
        "type": "github"
      }
    },
    "i3pyblocks": {
      "inputs": {
        "flake-utils": "flake-utils",
        "nixpkgs": "nixpkgs_2"
      },
      "locked": {
        "lastModified": 1682281157,
        "narHash": "sha256-ljb972ZGw6u8X/rx9cGyb0uDObbatAJeGoE9YDfEXsY=",
        "owner": "thiagokokada",
        "repo": "i3pyblocks",
        "rev": "f91c3972c015dbe59aff1495c8ad1dafa51b79a3",
        "type": "github"
      },
      "original": {
        "owner": "thiagokokada",
        "repo": "i3pyblocks",
        "type": "github"
      }
    },
    "neorg": {
      "flake": false,
      "locked": {
        "lastModified": 1786725669,
        "narHash": "sha256-2Rag358IbGrZEhXEt+KqqpGLze+TxTbsba+DxJM4Nrg=",
        "owner": "nvim-neorg",
        "repo": "neorg",
        "rev": "6fda795b0108c92840fd32db6d5dd54e7f997fa8",
        "type": "github"
      },
      "original": {
        "owner": "nvim-neorg",
        "repo": "neorg",
        "type": "github"
      }
    },
    "neorg-overlay": {
      "inputs": {
        "flake-utils": "flake-utils_2",
        "neorg": "neorg",
        "neorg-telescope": "neorg-telescope",
        "nixpkgs": "nixpkgs_3",
        "norg": "norg",
        "norg-meta": "norg-meta"
      },
      "locked": {
        "lastModified": 1787856656,
        "narHash": "sha256-kpQg9RxJpLuUPBOdNgelYxrS7qBt4w0LCUpV6zlFg2o=",
        "owner": "nvim-neorg",
        "repo": "nixpkgs-neorg-overlay",
        "rev": "b89c6732d48c89d9e965992958c1fd24518a223f",
        "type": "github"
      },
      "original": {
        "owner": "nvim-neorg",
        "repo": "nixpkgs-neorg-overlay",
        "type": "github"
      }
    },
    "neorg-telescope": {
      "flake": false,
      "locked": {
        "lastModified": 1744866747,
        "narHash": "sha256-tvbskEQ3+uOUlGKdqAFMlbF5Vw0A08XTwuWEs2aP64o=",
        "owner": "nvim-neorg",
        "repo": "neorg-telescope",
        "rev": "7fb6ca6a632c3c095601d379a664c0c1f802dc6c",
        "type": "github"
      },
      "original": {
        "owner": "nvim-neorg",
        "repo": "neorg-telescope",
        "type": "github"
      }
    },
    "nixpkgs": {
      "locked": {
        "lastModified": 1787424095,
        "narHash": "sha256-SpMiSe9OSfWseGAupsdcED3He9mTYTbGMtWb7EVt6pE=",
        "rev": "174eb786fb68e3a13e4e535a3deea479a0c07a6a",
        "type": "tarball",
        "url": "https://releases.nixos.org/nixpkgs/nixpkgs-26.11pre1059855.174eb786fb68/nixexprs.tar.zst"
      },
      "original": {
        "type": "tarball",
        "url": "https://channels.nixos.org/nixpkgs-unstable/nixexprs.tar.zst"
      }
    },
    "nixpkgs-unstable": {
      "locked": {
        "lastModified": 1787736819,
        "narHash": "sha256-cV5xEJJK3BvhU8rEd4mC9UsmDi5qscv/kzGPhBRC5WA=",
        "owner": "NixOS",
        "repo": "nixpkgs",
        "rev": "9fbb54b33e91ee4ca368e35a78e0613c720600b3",
        "type": "github"
      },
      "original": {
        "owner": "NixOS",
        "ref": "nixos-unstable",
        "repo": "nixpkgs",
        "type": "github"
      }
    },
    "nixpkgs_2": {
      "locked": {
        "lastModified": 1633329294,
        "narHash": "sha256-0LpQLS4KMgxslMgmDHmxG/5twFlXDBW9z4Or1iOrCvU=",
        "owner": "NixOS",
        "repo": "nixpkgs",
        "rev": "ee084c02040e864eeeb4cf4f8538d92f7c675671",
        "type": "github"
      },
      "original": {
        "owner": "NixOS",
        "ref": "nixpkgs-unstable",
        "repo": "nixpkgs",
        "type": "github"
      }
    },
    "nixpkgs_3": {
      "locked": {
        "lastModified": 1787814960,
        "narHash": "sha256-PYZq1qzCJXC2zGI0mH07vrZBsw6DRBAOX0jN1pPtqOQ=",
        "owner": "NixOS",
        "repo": "nixpkgs",
        "rev": "c27cdad491a991b11ed731760aa2ef8db0cb0410",
        "type": "github"
      },
      "original": {
        "owner": "NixOS",
        "ref": "nixpkgs-unstable",
        "repo": "nixpkgs",
        "type": "github"
      }
    },
    "nixpkgs_4": {
      "locked": {
        "lastModified": 1644486793,
        "narHash": "sha256-EeijR4guVHgVv+JpOX3cQO+1XdrkJfGmiJ9XVsVU530=",
        "owner": "NixOS",
        "repo": "nixpkgs",
        "rev": "1882c6b7368fd284ad01b0a5b5601ef136321292",
        "type": "github"
      },
      "original": {
        "owner": "NixOS",
        "ref": "nixpkgs-unstable",
        "repo": "nixpkgs",
        "type": "github"
      }
    },
    "nixpkgs_5": {
      "locked": {
        "lastModified": 1644486793,
        "narHash": "sha256-EeijR4guVHgVv+JpOX3cQO+1XdrkJfGmiJ9XVsVU530=",
        "owner": "NixOS",
        "repo": "nixpkgs",
        "rev": "1882c6b7368fd284ad01b0a5b5601ef136321292",
        "type": "github"
      },
      "original": {
        "owner": "NixOS",
        "ref": "nixpkgs-unstable",
        "repo": "nixpkgs",
        "type": "github"
      }
    },
    "nixpkgs_6": {
      "locked": {
        "lastModified": 1787848966,
        "narHash": "sha256-7gDpu5hpq0rOYnYMcOWqSzquK4HA/xU8Xf3CjUBOOJA=",
        "owner": "nixos",
        "repo": "nixpkgs",
        "rev": "d57af924f160a5084293c71c2043f058bd1cdb60",
        "type": "github"
      },
      "original": {
        "owner": "nixos",
        "ref": "nixos-26.05",
        "repo": "nixpkgs",
        "type": "github"
      }
    },
    "norg": {
      "inputs": {
        "flake-compat": "flake-compat_2",
        "flake-utils": "flake-utils_3",
        "nixpkgs": "nixpkgs_4"
      },
      "locked": {
        "lastModified": 1672582520,
        "narHash": "sha256-kv3UiJUqMSF1qd3r4OCWomVTHTYjwX/EBRWm8mOSdwg=",
        "owner": "nvim-neorg",
        "repo": "tree-sitter-norg",
        "rev": "d7a466e182a532065a559dbfc7a847271d5e9c29",
        "type": "github"
      },
      "original": {
        "owner": "nvim-neorg",
        "ref": "dev",
        "repo": "tree-sitter-norg",
        "type": "github"
      }
    },
    "norg-meta": {
      "inputs": {
        "flake-compat": "flake-compat_3",
        "flake-utils": "flake-utils_4",
        "nixpkgs": "nixpkgs_5"
      },
      "locked": {
        "lastModified": 1774308801,
        "narHash": "sha256-joX7VjVeKNWECUz1wIKavd8/4mJgd5W7XkGJkZBLu8o=",
        "owner": "nvim-neorg",
        "repo": "tree-sitter-norg-meta",
        "rev": "729d4e54fb881ba0ddf0f925ec78401354c7c6db",
        "type": "github"
      },
      "original": {
        "owner": "nvim-neorg",
        "repo": "tree-sitter-norg-meta",
        "type": "github"
      }
    },
    "pre-commit-hooks": {
      "inputs": {
        "flake-compat": "flake-compat_4",
        "nixpkgs": [
          "nixpkgs"
        ]
      },
      "locked": {
        "lastModified": 1787424939,
        "narHash": "sha256-O2tBn84NNuHrnqNVxx/XqsXwfYvS1YwBh+7CBnbCYsk=",
        "owner": "cachix",
        "repo": "git-hooks.nix",
        "rev": "809414f0cdadf82cf11b06c2b29ba9b3168b3297",
        "type": "github"
      },
      "original": {
        "owner": "cachix",
        "repo": "git-hooks.nix",
        "type": "github"
      }
    },
    "root": {
      "inputs": {
        "ghostty": "ghostty",
        "home-manager": "home-manager_2",
        "i3pyblocks": "i3pyblocks",
        "neorg-overlay": "neorg-overlay",
        "nixpkgs": "nixpkgs_6",
        "nixpkgs-unstable": "nixpkgs-unstable",
        "pre-commit-hooks": "pre-commit-hooks"
      }
    },
    "systems": {
      "flake": false,
      "locked": {
        "lastModified": 1681028828,
        "narHash": "sha256-Vy1rq5AaRuLzOxct8nz4T6wlgyUR7zLU309k9mBC768=",
        "owner": "nix-systems",
        "repo": "default",
        "rev": "da67096a3b9bf56a91d16901293e51ba5b49a27e",
        "type": "github"
      },
      "original": {
        "owner": "nix-systems",
        "repo": "default",
        "type": "github"
      }
    },
    "systems_2": {
      "locked": {
        "lastModified": 1681028828,
        "narHash": "sha256-Vy1rq5AaRuLzOxct8nz4T6wlgyUR7zLU309k9mBC768=",
        "owner": "nix-systems",
        "repo": "default",
        "rev": "da67096a3b9bf56a91d16901293e51ba5b49a27e",
        "type": "github"
      },
      "original": {
        "owner": "nix-systems",
        "repo": "default",
        "type": "github"
      }
    },
    "zig": {
      "inputs": {
        "flake-compat": [
          "ghostty",
          "flake-compat"
        ],
        "nixpkgs": [
          "ghostty",
          "nixpkgs"
        ],
        "systems": [
          "ghostty",
          "systems"
        ]
      },
      "locked": {
        "lastModified": 1787617283,
        "narHash": "sha256-jiM1glpDL5ASrqvcWyacI+c1wZo3g6AUhdo6M09AoiY=",
        "owner": "mitchellh",
        "repo": "zig-overlay",
        "rev": "da55b9fe9260fb3eb1456c3ee6064b8f738e4ba9",
        "type": "github"
      },
      "original": {
        "owner": "mitchellh",
        "repo": "zig-overlay",
        "type": "github"
      }
    },
    "zon2nix": {
      "inputs": {
        "nixpkgs": [
          "ghostty",
          "nixpkgs"
        ]
      },
      "locked": {
        "lastModified": 1784080626,
        "narHash": "sha256-Hvnmnuu0VpHiZl+8z+UkMoxC7JZJvRYBqu2Asb0ZJOE=",
        "owner": "jcollie",
        "repo": "zon2nix",
        "rev": "776b5f6864a607c141d7966421b433fa1657ba9a",
        "type": "github"
      },
      "original": {
        "owner": "jcollie",
        "ref": "main",
        "repo": "zon2nix",
        "type": "github"
      }
    }
  },
  "root": "root",
  "version": 7
}
